
Microsoft Visual Studio Solution File, Format Version 12.00
# Visual Studio Version 17
VisualStudioVersion = 17.5.33414.496
MinimumVisualStudioVersion = 10.0.40219.1
Project("{8BC9CEB8-8B4A-11D0-8D11-00A0C91BC942}") = "ConsoleChat", "ConsoleChat\ConsoleChat.vcxproj", "{081BCF25-DAE3-438E-8BEF-51F99A492F94}"
EndProject
Global
	GlobalSection(SolutionConfigurationPlatforms) = preSolution
		Debug|x64 = Debug|x64
		Debug|x86 = Debug|x86
		Release|x64 = Release|x64
		Release|x86 = Release|x86
	EndGlobalSection
	GlobalSection(ProjectConfigurationPlatforms) = postSolution
		{081BCF25-DAE3-438E-8BEF-51F99A492F94}.Debug|x64.ActiveCfg = Debug|x64
		{081BCF25-DAE3-438E-8BEF-51F99A492F94}.Debug|x64.Build.0 = Debug|x64
		{081BCF25-DAE3-438E-8BEF-51F99A492F94}.Debug|x86.ActiveCfg = Debug|Win32
		{081BCF25-DAE3-438E-8BEF-51F99A492F94}.Debug|x86.Build.0 = Debug|Win32
		{081BCF25-DAE3-438E-8BEF-51F99A492F94}.Release|x64.ActiveCfg = Release|x64
		{081BCF25-DAE3-438E-8BEF-51F99A492F94}.Release|x64.Build.0 = Release|x64
		{081BCF25-DAE3-438E-8BEF-51F99A492F94}.Release|x86.ActiveCfg = Release|Win32
		{081BCF25-DAE3-438E-8BEF-51F99A492F94}.Release|x86.Build.0 = Release|Win32
	EndGlobalSection
	GlobalSection(SolutionProperties) = preSolution
		HideSolutionNode = FALSE
	EndGlobalSection
	GlobalSection(ExtensibilityGlobals) = postSolution
		SolutionGuid = {DB3C5579-68F7-4A7B-8184-8D95F4DC9381}
	EndGlobalSection
EndGlobal
